
Microsoft Visual Studio Solution File, Format Version 12.00
# Visual Studio Version 17
VisualStudioVersion = 17.14.36414.22 d17.14
MinimumVisualStudioVersion = 10.0.40219.1
Project("{FAE04EC0-301F-11D3-BF4B-00C04F79EFBC}") = "FileHandling", "FileHandling.csproj", "{C0205F54-2BAC-4B6A-8799-358764B57265}"
EndProject
Global
	GlobalSection(SolutionConfigurationPlatforms) = preSolution
		Debug|Any CPU = Debug|Any CPU
		Release|Any CPU = Release|Any CPU
	EndGlobalSection
	GlobalSection(ProjectConfigurationPlatforms) = postSolution
		{C0205F54-2BAC-4B6A-8799-358764B57265}.Debug|Any CPU.ActiveCfg = Debug|Any CPU
		{C0205F54-2BAC-4B6A-8799-358764B57265}.Debug|Any CPU.Build.0 = Debug|Any CPU
		{C0205F54-2BAC-4B6A-8799-358764B57265}.Release|Any CPU.ActiveCfg = Release|Any CPU
		{C0205F54-2BAC-4B6A-8799-358764B57265}.Release|Any CPU.Build.0 = Release|Any CPU
	EndGlobalSection
	GlobalSection(SolutionProperties) = preSolution
		HideSolutionNode = FALSE
	EndGlobalSection
	GlobalSection(ExtensibilityGlobals) = postSolution
		SolutionGuid = {60B33CCC-7BAC-4B30-B288-0FF558AEF258}
	EndGlobalSection
EndGlobal
