
Microsoft Visual Studio Solution File, Format Version 12.00
# Visual Studio Version 17
VisualStudioVersion = 17.14.36414.22 d17.14
MinimumVisualStudioVersion = 10.0.40219.1
Project("{FAE04EC0-301F-11D3-BF4B-00C04F79EFBC}") = "Interfaces", "Interfaces.csproj", "{6B54704E-7E9A-4B6C-9F96-C95C570393C7}"
EndProject
Global
	GlobalSection(SolutionConfigurationPlatforms) = preSolution
		Debug|Any CPU = Debug|Any CPU
		Release|Any CPU = Release|Any CPU
	EndGlobalSection
	GlobalSection(ProjectConfigurationPlatforms) = postSolution
		{6B54704E-7E9A-4B6C-9F96-C95C570393C7}.Debug|Any CPU.ActiveCfg = Debug|Any CPU
		{6B54704E-7E9A-4B6C-9F96-C95C570393C7}.Debug|Any CPU.Build.0 = Debug|Any CPU
		{6B54704E-7E9A-4B6C-9F96-C95C570393C7}.Release|Any CPU.ActiveCfg = Release|Any CPU
		{6B54704E-7E9A-4B6C-9F96-C95C570393C7}.Release|Any CPU.Build.0 = Release|Any CPU
	EndGlobalSection
	GlobalSection(SolutionProperties) = preSolution
		HideSolutionNode = FALSE
	EndGlobalSection
	GlobalSection(ExtensibilityGlobals) = postSolution
		SolutionGuid = {F737081D-D983-4379-9D9D-65E0D93A8D09}
	EndGlobalSection
EndGlobal
