
Microsoft Visual Studio Solution File, Format Version 12.00
# Visual Studio Version 17
VisualStudioVersion = 17.14.36414.22 d17.14
MinimumVisualStudioVersion = 10.0.40219.1
Project("{FAE04EC0-301F-11D3-BF4B-00C04F79EFBC}") = "Proj1", "Proj1\Proj1.csproj", "{A6784DF4-C81D-49E3-88C6-DF6C739BFE23}"
EndProject
Project("{FAE04EC0-301F-11D3-BF4B-00C04F79EFBC}") = "ClassLibrary1", "ClassLibrary1\ClassLibrary1.csproj", "{ED5F0C6B-F31E-4CFA-9621-DA940FDE3A4E}"
EndProject
Global
	GlobalSection(SolutionConfigurationPlatforms) = preSolution
		Debug|Any CPU = Debug|Any CPU
		Release|Any CPU = Release|Any CPU
	EndGlobalSection
	GlobalSection(ProjectConfigurationPlatforms) = postSolution
		{A6784DF4-C81D-49E3-88C6-DF6C739BFE23}.Debug|Any CPU.ActiveCfg = Debug|Any CPU
		{A6784DF4-C81D-49E3-88C6-DF6C739BFE23}.Debug|Any CPU.Build.0 = Debug|Any CPU
		{A6784DF4-C81D-49E3-88C6-DF6C739BFE23}.Release|Any CPU.ActiveCfg = Release|Any CPU
		{A6784DF4-C81D-49E3-88C6-DF6C739BFE23}.Release|Any CPU.Build.0 = Release|Any CPU
		{ED5F0C6B-F31E-4CFA-9621-DA940FDE3A4E}.Debug|Any CPU.ActiveCfg = Debug|Any CPU
		{ED5F0C6B-F31E-4CFA-9621-DA940FDE3A4E}.Debug|Any CPU.Build.0 = Debug|Any CPU
		{ED5F0C6B-F31E-4CFA-9621-DA940FDE3A4E}.Release|Any CPU.ActiveCfg = Release|Any CPU
		{ED5F0C6B-F31E-4CFA-9621-DA940FDE3A4E}.Release|Any CPU.Build.0 = Release|Any CPU
	EndGlobalSection
	GlobalSection(SolutionProperties) = preSolution
		HideSolutionNode = FALSE
	EndGlobalSection
	GlobalSection(ExtensibilityGlobals) = postSolution
		SolutionGuid = {487CF8D6-63B1-4383-A3E6-8A8FA7671FFD}
	EndGlobalSection
EndGlobal
