
Microsoft Visual Studio Solution File, Format Version 12.00
# Visual Studio Version 17
VisualStudioVersion = 17.14.36414.22 d17.14
MinimumVisualStudioVersion = 10.0.40219.1
Project("{FAE04EC0-301F-11D3-BF4B-00C04F79EFBC}") = "https-web-api", "https-web-api.csproj", "{C56F4A17-8740-4AFC-B4B4-D2B7EBD88D14}"
EndProject
Global
	GlobalSection(SolutionConfigurationPlatforms) = preSolution
		Debug|Any CPU = Debug|Any CPU
		Release|Any CPU = Release|Any CPU
	EndGlobalSection
	GlobalSection(ProjectConfigurationPlatforms) = postSolution
		{C56F4A17-8740-4AFC-B4B4-D2B7EBD88D14}.Debug|Any CPU.ActiveCfg = Debug|Any CPU
		{C56F4A17-8740-4AFC-B4B4-D2B7EBD88D14}.Debug|Any CPU.Build.0 = Debug|Any CPU
		{C56F4A17-8740-4AFC-B4B4-D2B7EBD88D14}.Release|Any CPU.ActiveCfg = Release|Any CPU
		{C56F4A17-8740-4AFC-B4B4-D2B7EBD88D14}.Release|Any CPU.Build.0 = Release|Any CPU
	EndGlobalSection
	GlobalSection(SolutionProperties) = preSolution
		HideSolutionNode = FALSE
	EndGlobalSection
	GlobalSection(ExtensibilityGlobals) = postSolution
		SolutionGuid = {5EFF8214-9C21-465B-B5AC-3DD837CBE00F}
	EndGlobalSection
EndGlobal
