
Microsoft Visual Studio Solution File, Format Version 12.00
# Visual Studio Version 17
VisualStudioVersion = 17.14.36414.22 d17.14
MinimumVisualStudioVersion = 10.0.40219.1
Project("{FAE04EC0-301F-11D3-BF4B-00C04F79EFBC}") = "Swagger+JwtLogin", "Swagger+JwtLogin.csproj", "{ABD38A3A-3214-4295-8FCF-6840866B6D4E}"
EndProject
Global
	GlobalSection(SolutionConfigurationPlatforms) = preSolution
		Debug|Any CPU = Debug|Any CPU
		Release|Any CPU = Release|Any CPU
	EndGlobalSection
	GlobalSection(ProjectConfigurationPlatforms) = postSolution
		{ABD38A3A-3214-4295-8FCF-6840866B6D4E}.Debug|Any CPU.ActiveCfg = Debug|Any CPU
		{ABD38A3A-3214-4295-8FCF-6840866B6D4E}.Debug|Any CPU.Build.0 = Debug|Any CPU
		{ABD38A3A-3214-4295-8FCF-6840866B6D4E}.Release|Any CPU.ActiveCfg = Release|Any CPU
		{ABD38A3A-3214-4295-8FCF-6840866B6D4E}.Release|Any CPU.Build.0 = Release|Any CPU
	EndGlobalSection
	GlobalSection(SolutionProperties) = preSolution
		HideSolutionNode = FALSE
	EndGlobalSection
	GlobalSection(ExtensibilityGlobals) = postSolution
		SolutionGuid = {1178840F-1817-4868-828A-41241403A272}
	EndGlobalSection
EndGlobal
