
Microsoft Visual Studio Solution File, Format Version 12.00
# Visual Studio Version 17
VisualStudioVersion = 17.14.36414.22 d17.14
MinimumVisualStudioVersion = 10.0.40219.1
Project("{FAE04EC0-301F-11D3-BF4B-00C04F79EFBC}") = "ExceptionHandling", "ExceptionHandling.csproj", "{275DC9DD-4FA1-464C-BE26-8ADACD1AF9C4}"
EndProject
Global
	GlobalSection(SolutionConfigurationPlatforms) = preSolution
		Debug|Any CPU = Debug|Any CPU
		Release|Any CPU = Release|Any CPU
	EndGlobalSection
	GlobalSection(ProjectConfigurationPlatforms) = postSolution
		{275DC9DD-4FA1-464C-BE26-8ADACD1AF9C4}.Debug|Any CPU.ActiveCfg = Debug|Any CPU
		{275DC9DD-4FA1-464C-BE26-8ADACD1AF9C4}.Debug|Any CPU.Build.0 = Debug|Any CPU
		{275DC9DD-4FA1-464C-BE26-8ADACD1AF9C4}.Release|Any CPU.ActiveCfg = Release|Any CPU
		{275DC9DD-4FA1-464C-BE26-8ADACD1AF9C4}.Release|Any CPU.Build.0 = Release|Any CPU
	EndGlobalSection
	GlobalSection(SolutionProperties) = preSolution
		HideSolutionNode = FALSE
	EndGlobalSection
	GlobalSection(ExtensibilityGlobals) = postSolution
		SolutionGuid = {4CF36519-9614-438A-B71D-C1CCF96B894A}
	EndGlobalSection
EndGlobal
