
Microsoft Visual Studio Solution File, Format Version 12.00
# Visual Studio Version 17
VisualStudioVersion = 17.14.36414.22 d17.14
MinimumVisualStudioVersion = 10.0.40219.1
Project("{FAE04EC0-301F-11D3-BF4B-00C04F79EFBC}") = "Sealed", "Sealed.csproj", "{174757F2-D88D-4D54-8B17-6B56F1CB4922}"
EndProject
Global
	GlobalSection(SolutionConfigurationPlatforms) = preSolution
		Debug|Any CPU = Debug|Any CPU
		Release|Any CPU = Release|Any CPU
	EndGlobalSection
	GlobalSection(ProjectConfigurationPlatforms) = postSolution
		{174757F2-D88D-4D54-8B17-6B56F1CB4922}.Debug|Any CPU.ActiveCfg = Debug|Any CPU
		{174757F2-D88D-4D54-8B17-6B56F1CB4922}.Debug|Any CPU.Build.0 = Debug|Any CPU
		{174757F2-D88D-4D54-8B17-6B56F1CB4922}.Release|Any CPU.ActiveCfg = Release|Any CPU
		{174757F2-D88D-4D54-8B17-6B56F1CB4922}.Release|Any CPU.Build.0 = Release|Any CPU
	EndGlobalSection
	GlobalSection(SolutionProperties) = preSolution
		HideSolutionNode = FALSE
	EndGlobalSection
	GlobalSection(ExtensibilityGlobals) = postSolution
		SolutionGuid = {2D7EDE43-F40E-4A4D-84D4-44161A1BADBD}
	EndGlobalSection
EndGlobal
